// !$*UTF8*$!
{
	archiveVersion = 1;
	classes = {
	};
	objectVersion = 56;
	objects = {

/* Begin PBXBuildFile section */
		87A188822BEE437000711132 /* AppDelegate.swift in Sources */ = {isa = PBXBuildFile; fileRef = 87A188812BEE437000711132 /* AppDelegate.swift */; };
		87A188842BEE437000711132 /* SceneDelegate.swift in Sources */ = {isa = PBXBuildFile; fileRef = 87A188832BEE437000711132 /* SceneDelegate.swift */; };
		87A188862BEE437000711132 /* ViewController.swift in Sources */ = {isa = PBXBuildFile; fileRef = 87A188852BEE437000711132 /* ViewController.swift */; };
		87A188892BEE437000711132 /* Main.storyboard in Resources */ = {isa = PBXBuildFile; fileRef = 87A188872BEE437000711132 /* Main.storyboard */; };
		87A1888B2BEE437100711132 /* Assets.xcassets in Resources */ = {isa = PBXBuildFile; fileRef = 87A1888A2BEE437100711132 /* Assets.xcassets */; };
		87A1888E2BEE437100711132 /* LaunchScreen.storyboard in Resources */ = {isa = PBXBuildFile; fileRef = 87A1888C2BEE437100711132 /* LaunchScreen.storyboard */; };
		87A188992BEE437100711132 /* iOS_week4Tests.swift in Sources */ = {isa = PBXBuildFile; fileRef = 87A188982BEE437100711132 /* iOS_week4Tests.swift */; };
		87A188A32BEE437100711132 /* iOS_week4UITests.swift in Sources */ = {isa = PBXBuildFile; fileRef = 87A188A22BEE437100711132 /* iOS_week4UITests.swift */; };
		87A188A52BEE437100711132 /* iOS_week4UITestsLaunchTests.swift in Sources */ = {isa = PBXBuildFile; fileRef = 87A188A42BEE437100711132 /* iOS_week4UITestsLaunchTests.swift */; };
		87A188B22BEE439800711132 /* Config.swift in Sources */ = {isa = PBXBuildFile; fileRef = 87A188B12BEE439800711132 /* Config.swift */; };
		87A188B42BEE43C900711132 /* NetworkResult.swift in Sources */ = {isa = PBXBuildFile; fileRef = 87A188B32BEE43C900711132 /* NetworkResult.swift */; };
		87A188B62BEE43E800711132 /* MoyaLoggingPlugin.swift in Sources */ = {isa = PBXBuildFile; fileRef = 87A188B52BEE43E800711132 /* MoyaLoggingPlugin.swift */; };
		87A188B92BEE442400711132 /* Moya in Frameworks */ = {isa = PBXBuildFile; productRef = 87A188B82BEE442400711132 /* Moya */; };
		87A188BC2BEE444600711132 /* SnapKit in Frameworks */ = {isa = PBXBuildFile; productRef = 87A188BB2BEE444600711132 /* SnapKit */; };
		87A188BE2BEE445A00711132 /* BoxOfficeModel.swift in Sources */ = {isa = PBXBuildFile; fileRef = 87A188BD2BEE445A00711132 /* BoxOfficeModel.swift */; };
		87A188C02BEE466400711132 /* BoxOfficeAPI.swift in Sources */ = {isa = PBXBuildFile; fileRef = 87A188BF2BEE466400711132 /* BoxOfficeAPI.swift */; };
/* End PBXBuildFile section */

/* Begin PBXContainerItemProxy section */
		87A188952BEE437100711132 /* PBXContainerItemProxy */ = {
			isa = PBXContainerItemProxy;
			containerPortal = 87A188762BEE437000711132 /* Project object */;
			proxyType = 1;
			remoteGlobalIDString = 87A1887D2BEE437000711132;
			remoteInfo = "iOS-week4";
		};
		87A1889F2BEE437100711132 /* PBXContainerItemProxy */ = {
			isa = PBXContainerItemProxy;
			containerPortal = 87A188762BEE437000711132 /* Project object */;
			proxyType = 1;
			remoteGlobalIDString = 87A1887D2BEE437000711132;
			remoteInfo = "iOS-week4";
		};
/* End PBXContainerItemProxy section */

/* Begin PBXFileReference section */
		87A1887E2BEE437000711132 /* iOS-week4.app */ = {isa = PBXFileReference; explicitFileType = wrapper.application; includeInIndex = 0; path = "iOS-week4.app"; sourceTree = BUILT_PRODUCTS_DIR; };
		87A188812BEE437000711132 /* AppDelegate.swift */ = {isa = PBXFileReference; lastKnownFileType = sourcecode.swift; path = AppDelegate.swift; sourceTree = "<group>"; };
		87A188832BEE437000711132 /* SceneDelegate.swift */ = {isa = PBXFileReference; lastKnownFileType = sourcecode.swift; path = SceneDelegate.swift; sourceTree = "<group>"; };
		87A188852BEE437000711132 /* ViewController.swift */ = {isa = PBXFileReference; lastKnownFileType = sourcecode.swift; path = ViewController.swift; sourceTree = "<group>"; };
		87A188882BEE437000711132 /* Base */ = {isa = PBXFileReference; lastKnownFileType = file.storyboard; name = Base; path = Base.lproj/Main.storyboard; sourceTree = "<group>"; };
		87A1888A2BEE437100711132 /* Assets.xcassets */ = {isa = PBXFileReference; lastKnownFileType = folder.assetcatalog; path = Assets.xcassets; sourceTree = "<group>"; };
		87A1888D2BEE437100711132 /* Base */ = {isa = PBXFileReference; lastKnownFileType = file.storyboard; name = Base; path = Base.lproj/LaunchScreen.storyboard; sourceTree = "<group>"; };
		87A1888F2BEE437100711132 /* Info.plist */ = {isa = PBXFileReference; lastKnownFileType = text.plist.xml; path = Info.plist; sourceTree = "<group>"; };
		87A188942BEE437100711132 /* iOS-week4Tests.xctest */ = {isa = PBXFileReference; explicitFileType = wrapper.cfbundle; includeInIndex = 0; path = "iOS-week4Tests.xctest"; sourceTree = BUILT_PRODUCTS_DIR; };
		87A188982BEE437100711132 /* iOS_week4Tests.swift */ = {isa = PBXFileReference; lastKnownFileType = sourcecode.swift; path = iOS_week4Tests.swift; sourceTree = "<group>"; };
		87A1889E2BEE437100711132 /* iOS-week4UITests.xctest */ = {isa = PBXFileReference; explicitFileType = wrapper.cfbundle; includeInIndex = 0; path = "iOS-week4UITests.xctest"; sourceTree = BUILT_PRODUCTS_DIR; };
		87A188A22BEE437100711132 /* iOS_week4UITests.swift */ = {isa = PBXFileReference; lastKnownFileType = sourcecode.swift; path = iOS_week4UITests.swift; sourceTree = "<group>"; };
		87A188A42BEE437100711132 /* iOS_week4UITestsLaunchTests.swift */ = {isa = PBXFileReference; lastKnownFileType = sourcecode.swift; path = iOS_week4UITestsLaunchTests.swift; sourceTree = "<group>"; };
		87A188B12BEE439800711132 /* Config.swift */ = {isa = PBXFileReference; lastKnownFileType = sourcecode.swift; path = Config.swift; sourceTree = "<group>"; };
		87A188B32BEE43C900711132 /* NetworkResult.swift */ = {isa = PBXFileReference; lastKnownFileType = sourcecode.swift; path = NetworkResult.swift; sourceTree = "<group>"; };
		87A188B52BEE43E800711132 /* MoyaLoggingPlugin.swift */ = {isa = PBXFileReference; lastKnownFileType = sourcecode.swift; path = MoyaLoggingPlugin.swift; sourceTree = "<group>"; };
		87A188BD2BEE445A00711132 /* BoxOfficeModel.swift */ = {isa = PBXFileReference; lastKnownFileType = sourcecode.swift; path = BoxOfficeModel.swift; sourceTree = "<group>"; };
		87A188BF2BEE466400711132 /* BoxOfficeAPI.swift */ = {isa = PBXFileReference; lastKnownFileType = sourcecode.swift; path = BoxOfficeAPI.swift; sourceTree = "<group>"; };
/* End PBXFileReference section */

/* Begin PBXFrameworksBuildPhase section */
		87A1887B2BEE437000711132 /* Frameworks */ = {
			isa = PBXFrameworksBuildPhase;
			buildActionMask = 2147483647;
			files = (
				87A188B92BEE442400711132 /* Moya in Frameworks */,
				87A188BC2BEE444600711132 /* SnapKit in Frameworks */,
			);
			runOnlyForDeploymentPostprocessing = 0;
		};
		87A188912BEE437100711132 /* Frameworks */ = {
			isa = PBXFrameworksBuildPhase;
			buildActionMask = 2147483647;
			files = (
			);
			runOnlyForDeploymentPostprocessing = 0;
		};
		87A1889B2BEE437100711132 /* Frameworks */ = {
			isa = PBXFrameworksBuildPhase;
			buildActionMask = 2147483647;
			files = (
			);
			runOnlyForDeploymentPostprocessing = 0;
		};
/* End PBXFrameworksBuildPhase section */

/* Begin PBXGroup section */
		87A188752BEE437000711132 = {
			isa = PBXGroup;
			children = (
				87A188802BEE437000711132 /* iOS-week4 */,
				87A188972BEE437100711132 /* iOS-week4Tests */,
				87A188A12BEE437100711132 /* iOS-week4UITests */,
				87A1887F2BEE437000711132 /* Products */,
			);
			sourceTree = "<group>";
		};
		87A1887F2BEE437000711132 /* Products */ = {
			isa = PBXGroup;
			children = (
				87A1887E2BEE437000711132 /* iOS-week4.app */,
				87A188942BEE437100711132 /* iOS-week4Tests.xctest */,
				87A1889E2BEE437100711132 /* iOS-week4UITests.xctest */,
			);
			name = Products;
			sourceTree = "<group>";
		};
		87A188802BEE437000711132 /* iOS-week4 */ = {
			isa = PBXGroup;
			children = (
				87A188812BEE437000711132 /* AppDelegate.swift */,
				87A188832BEE437000711132 /* SceneDelegate.swift */,
				87A188852BEE437000711132 /* ViewController.swift */,
				87A188872BEE437000711132 /* Main.storyboard */,
				87A1888A2BEE437100711132 /* Assets.xcassets */,
				87A1888C2BEE437100711132 /* LaunchScreen.storyboard */,
				87A1888F2BEE437100711132 /* Info.plist */,
				87A188B12BEE439800711132 /* Config.swift */,
				87A188B32BEE43C900711132 /* NetworkResult.swift */,
				87A188B52BEE43E800711132 /* MoyaLoggingPlugin.swift */,
				87A188BD2BEE445A00711132 /* BoxOfficeModel.swift */,
				87A188BF2BEE466400711132 /* BoxOfficeAPI.swift */,
			);
			path = "iOS-week4";
			sourceTree = "<group>";
		};
		87A188972BEE437100711132 /* iOS-week4Tests */ = {
			isa = PBXGroup;
			children = (
				87A188982BEE437100711132 /* iOS_week4Tests.swift */,
			);
			path = "iOS-week4Tests";
			sourceTree = "<group>";
		};
		87A188A12BEE437100711132 /* iOS-week4UITests */ = {
			isa = PBXGroup;
			children = (
				87A188A22BEE437100711132 /* iOS_week4UITests.swift */,
				87A188A42BEE437100711132 /* iOS_week4UITestsLaunchTests.swift */,
			);
			path = "iOS-week4UITests";
			sourceTree = "<group>";
		};
/* End PBXGroup section */

/* Begin PBXNativeTarget section */
		87A1887D2BEE437000711132 /* iOS-week4 */ = {
			isa = PBXNativeTarget;
			buildConfigurationList = 87A188A82BEE437100711132 /* Build configuration list for PBXNativeTarget "iOS-week4" */;
			buildPhases = (
				87A1887A2BEE437000711132 /* Sources */,
				87A1887B2BEE437000711132 /* Frameworks */,
				87A1887C2BEE437000711132 /* Resources */,
			);
			buildRules = (
			);
			dependencies = (
			);
			name = "iOS-week4";
			packageProductDependencies = (
				87A188B82BEE442400711132 /* Moya */,
				87A188BB2BEE444600711132 /* SnapKit */,
			);
			productName = "iOS-week4";
			productReference = 87A1887E2BEE437000711132 /* iOS-week4.app */;
			productType = "com.apple.product-type.application";
		};
		87A188932BEE437100711132 /* iOS-week4Tests */ = {
			isa = PBXNativeTarget;
			buildConfigurationList = 87A188AB2BEE437100711132 /* Build configuration list for PBXNativeTarget "iOS-week4Tests" */;
			buildPhases = (
				87A188902BEE437100711132 /* Sources */,
				87A188912BEE437100711132 /* Frameworks */,
				87A188922BEE437100711132 /* Resources */,
			);
			buildRules = (
			);
			dependencies = (
				87A188962BEE437100711132 /* PBXTargetDependency */,
			);
			name = "iOS-week4Tests";
			productName = "iOS-week4Tests";
			productReference = 87A188942BEE437100711132 /* iOS-week4Tests.xctest */;
			productType = "com.apple.product-type.bundle.unit-test";
		};
		87A1889D2BEE437100711132 /* iOS-week4UITests */ = {
			isa = PBXNativeTarget;
			buildConfigurationList = 87A188AE2BEE437100711132 /* Build configuration list for PBXNativeTarget "iOS-week4UITests" */;
			buildPhases = (
				87A1889A2BEE437100711132 /* Sources */,
				87A1889B2BEE437100711132 /* Frameworks */,
				87A1889C2BEE437100711132 /* Resources */,
			);
			buildRules = (
			);
			dependencies = (
				87A188A02BEE437100711132 /* PBXTargetDependency */,
			);
			name = "iOS-week4UITests";
			productName = "iOS-week4UITests";
			productReference = 87A1889E2BEE437100711132 /* iOS-week4UITests.xctest */;
			productType = "com.apple.product-type.bundle.ui-testing";
		};
/* End PBXNativeTarget section */

/* Begin PBXProject section */
		87A188762BEE437000711132 /* Project object */ = {
			isa = PBXProject;
			attributes = {
				BuildIndependentTargetsInParallel = 1;
				LastSwiftUpdateCheck = 1430;
				LastUpgradeCheck = 1430;
				TargetAttributes = {
					87A1887D2BEE437000711132 = {
						CreatedOnToolsVersion = 14.3.1;
					};
					87A188932BEE437100711132 = {
						CreatedOnToolsVersion = 14.3.1;
						TestTargetID = 87A1887D2BEE437000711132;
					};
					87A1889D2BEE437100711132 = {
						CreatedOnToolsVersion = 14.3.1;
						TestTargetID = 87A1887D2BEE437000711132;
					};
				};
			};
			buildConfigurationList = 87A188792BEE437000711132 /* Build configuration list for PBXProject "iOS-week4" */;
			compatibilityVersion = "Xcode 14.0";
			developmentRegion = en;
			hasScannedForEncodings = 0;
			knownRegions = (
				en,
				Base,
			);
			mainGroup = 87A188752BEE437000711132;
			packageReferences = (
				87A188B72BEE442400711132 /* XCRemoteSwiftPackageReference "Moya" */,
				87A188BA2BEE444600711132 /* XCRemoteSwiftPackageReference "SnapKit" */,
			);
			productRefGroup = 87A1887F2BEE437000711132 /* Products */;
			projectDirPath = "";
			projectRoot = "";
			targets = (
				87A1887D2BEE437000711132 /* iOS-week4 */,
				87A188932BEE437100711132 /* iOS-week4Tests */,
				87A1889D2BEE437100711132 /* iOS-week4UITests */,
			);
		};
/* End PBXProject section */

/* Begin PBXResourcesBuildPhase section */
		87A1887C2BEE437000711132 /* Resources */ = {
			isa = PBXResourcesBuildPhase;
			buildActionMask = 2147483647;
			files = (
				87A1888E2BEE437100711132 /* LaunchScreen.storyboard in Resources */,
				87A1888B2BEE437100711132 /* Assets.xcassets in Resources */,
				87A188892BEE437000711132 /* Main.storyboard in Resources */,
			);
			runOnlyForDeploymentPostprocessing = 0;
		};
		87A188922BEE437100711132 /* Resources */ = {
			isa = PBXResourcesBuildPhase;
			buildActionMask = 2147483647;
			files = (
			);
			runOnlyForDeploymentPostprocessing = 0;
		};
		87A1889C2BEE437100711132 /* Resources */ = {
			isa = PBXResourcesBuildPhase;
			buildActionMask = 2147483647;
			files = (
			);
			runOnlyForDeploymentPostprocessing = 0;
		};
/* End PBXResourcesBuildPhase section */

/* Begin PBXSourcesBuildPhase section */
		87A1887A2BEE437000711132 /* Sources */ = {
			isa = PBXSourcesBuildPhase;
			buildActionMask = 2147483647;
			files = (
				87A188B62BEE43E800711132 /* MoyaLoggingPlugin.swift in Sources */,
				87A188862BEE437000711132 /* ViewController.swift in Sources */,
				87A188B42BEE43C900711132 /* NetworkResult.swift in Sources */,
				87A188BE2BEE445A00711132 /* BoxOfficeModel.swift in Sources */,
				87A188C02BEE466400711132 /* BoxOfficeAPI.swift in Sources */,
				87A188B22BEE439800711132 /* Config.swift in Sources */,
				87A188822BEE437000711132 /* AppDelegate.swift in Sources */,
				87A188842BEE437000711132 /* SceneDelegate.swift in Sources */,
			);
			runOnlyForDeploymentPostprocessing = 0;
		};
		87A188902BEE437100711132 /* Sources */ = {
			isa = PBXSourcesBuildPhase;
			buildActionMask = 2147483647;
			files = (
				87A188992BEE437100711132 /* iOS_week4Tests.swift in Sources */,
			);
			runOnlyForDeploymentPostprocessing = 0;
		};
		87A1889A2BEE437100711132 /* Sources */ = {
			isa = PBXSourcesBuildPhase;
			buildActionMask = 2147483647;
			files = (
				87A188A32BEE437100711132 /* iOS_week4UITests.swift in Sources */,
				87A188A52BEE437100711132 /* iOS_week4UITestsLaunchTests.swift in Sources */,
			);
			runOnlyForDeploymentPostprocessing = 0;
		};
/* End PBXSourcesBuildPhase section */

/* Begin PBXTargetDependency section */
		87A188962BEE437100711132 /* PBXTargetDependency */ = {
			isa = PBXTargetDependency;
			target = 87A1887D2BEE437000711132 /* iOS-week4 */;
			targetProxy = 87A188952BEE437100711132 /* PBXContainerItemProxy */;
		};
		87A188A02BEE437100711132 /* PBXTargetDependency */ = {
			isa = PBXTargetDependency;
			target = 87A1887D2BEE437000711132 /* iOS-week4 */;
			targetProxy = 87A1889F2BEE437100711132 /* PBXContainerItemProxy */;
		};
/* End PBXTargetDependency section */

/* Begin PBXVariantGroup section */
		87A188872BEE437000711132 /* Main.storyboard */ = {
			isa = PBXVariantGroup;
			children = (
				87A188882BEE437000711132 /* Base */,
			);
			name = Main.storyboard;
			sourceTree = "<group>";
		};
		87A1888C2BEE437100711132 /* LaunchScreen.storyboard */ = {
			isa = PBXVariantGroup;
			children = (
				87A1888D2BEE437100711132 /* Base */,
			);
			name = LaunchScreen.storyboard;
			sourceTree = "<group>";
		};
/* End PBXVariantGroup section */

/* Begin XCBuildConfiguration section */
		87A188A62BEE437100711132 /* Debug */ = {
			isa = XCBuildConfiguration;
			buildSettings = {
				ALWAYS_SEARCH_USER_PATHS = NO;
				CLANG_ANALYZER_NONNULL = YES;
				CLANG_ANALYZER_NUMBER_OBJECT_CONVERSION = YES_AGGRESSIVE;
				CLANG_CXX_LANGUAGE_STANDARD = "gnu++20";
				CLANG_ENABLE_MODULES = YES;
				CLANG_ENABLE_OBJC_ARC = YES;
				CLANG_ENABLE_OBJC_WEAK = YES;
				CLANG_WARN_BLOCK_CAPTURE_AUTORELEASING = YES;
				CLANG_WARN_BOOL_CONVERSION = YES;
				CLANG_WARN_COMMA = YES;
				CLANG_WARN_CONSTANT_CONVERSION = YES;
				CLANG_WARN_DEPRECATED_OBJC_IMPLEMENTATIONS = YES;
				CLANG_WARN_DIRECT_OBJC_ISA_USAGE = YES_ERROR;
				CLANG_WARN_DOCUMENTATION_COMMENTS = YES;
				CLANG_WARN_EMPTY_BODY = YES;
				CLANG_WARN_ENUM_CONVERSION = YES;
				CLANG_WARN_INFINITE_RECURSION = YES;
				CLANG_WARN_INT_CONVERSION = YES;
				CLANG_WARN_NON_LITERAL_NULL_CONVERSION = YES;
				CLANG_WARN_OBJC_IMPLICIT_RETAIN_SELF = YES;
				CLANG_WARN_OBJC_LITERAL_CONVERSION = YES;
				CLANG_WARN_OBJC_ROOT_CLASS = YES_ERROR;
				CLANG_WARN_QUOTED_INCLUDE_IN_FRAMEWORK_HEADER = YES;
				CLANG_WARN_RANGE_LOOP_ANALYSIS = YES;
				CLANG_WARN_STRICT_PROTOTYPES = YES;
				CLANG_WARN_SUSPICIOUS_MOVE = YES;
				CLANG_WARN_UNGUARDED_AVAILABILITY = YES_AGGRESSIVE;
				CLANG_WARN_UNREACHABLE_CODE = YES;
				CLANG_WARN__DUPLICATE_METHOD_MATCH = YES;
				COPY_PHASE_STRIP = NO;
				DEBUG_INFORMATION_FORMAT = dwarf;
				ENABLE_STRICT_OBJC_MSGSEND = YES;
				ENABLE_TESTABILITY = YES;
				GCC_C_LANGUAGE_STANDARD = gnu11;
				GCC_DYNAMIC_NO_PIC = NO;
				GCC_NO_COMMON_BLOCKS = YES;
				GCC_OPTIMIZATION_LEVEL = 0;
				GCC_PREPROCESSOR_DEFINITIONS = (
					"DEBUG=1",
					"$(inherited)",
				);
				GCC_WARN_64_TO_32_BIT_CONVERSION = YES;
				GCC_WARN_ABOUT_RETURN_TYPE = YES_ERROR;
				GCC_WARN_UNDECLARED_SELECTOR = YES;
				GCC_WARN_UNINITIALIZED_AUTOS = YES_AGGRESSIVE;
				GCC_WARN_UNUSED_FUNCTION = YES;
				GCC_WARN_UNUSED_VARIABLE = YES;
				IPHONEOS_DEPLOYMENT_TARGET = 16.4;
				MTL_ENABLE_DEBUG_INFO = INCLUDE_SOURCE;
				MTL_FAST_MATH = YES;
				ONLY_ACTIVE_ARCH = YES;
				SDKROOT = iphoneos;
				SWIFT_ACTIVE_COMPILATION_CONDITIONS = DEBUG;
				SWIFT_OPTIMIZATION_LEVEL = "-Onone";
			};
			name = Debug;
		};
		87A188A72BEE437100711132 /* Release */ = {
			isa = XCBuildConfiguration;
			buildSettings = {
				ALWAYS_SEARCH_USER_PATHS = NO;
				CLANG_ANALYZER_NONNULL = YES;
				CLANG_ANALYZER_NUMBER_OBJECT_CONVERSION = YES_AGGRESSIVE;
				CLANG_CXX_LANGUAGE_STANDARD = "gnu++20";
				CLANG_ENABLE_MODULES = YES;
				CLANG_ENABLE_OBJC_ARC = YES;
				CLANG_ENABLE_OBJC_WEAK = YES;
				CLANG_WARN_BLOCK_CAPTURE_AUTORELEASING = YES;
				CLANG_WARN_BOOL_CONVERSION = YES;
				CLANG_WARN_COMMA = YES;
				CLANG_WARN_CONSTANT_CONVERSION = YES;
				CLANG_WARN_DEPRECATED_OBJC_IMPLEMENTATIONS = YES;
				CLANG_WARN_DIRECT_OBJC_ISA_USAGE = YES_ERROR;
				CLANG_WARN_DOCUMENTATION_COMMENTS = YES;
				CLANG_WARN_EMPTY_BODY = YES;
				CLANG_WARN_ENUM_CONVERSION = YES;
				CLANG_WARN_INFINITE_RECURSION = YES;
				CLANG_WARN_INT_CONVERSION = YES;
				CLANG_WARN_NON_LITERAL_NULL_CONVERSION = YES;
				CLANG_WARN_OBJC_IMPLICIT_RETAIN_SELF = YES;
				CLANG_WARN_OBJC_LITERAL_CONVERSION = YES;
				CLANG_WARN_OBJC_ROOT_CLASS = YES_ERROR;
				CLANG_WARN_QUOTED_INCLUDE_IN_FRAMEWORK_HEADER = YES;
				CLANG_WARN_RANGE_LOOP_ANALYSIS = YES;
				CLANG_WARN_STRICT_PROTOTYPES = YES;
				CLANG_WARN_SUSPICIOUS_MOVE = YES;
				CLANG_WARN_UNGUARDED_AVAILABILITY = YES_AGGRESSIVE;
				CLANG_WARN_UNREACHABLE_CODE = YES;
				CLANG_WARN__DUPLICATE_METHOD_MATCH = YES;
				COPY_PHASE_STRIP = NO;
				DEBUG_INFORMATION_FORMAT = "dwarf-with-dsym";
				ENABLE_NS_ASSERTIONS = NO;
				ENABLE_STRICT_OBJC_MSGSEND = YES;
				GCC_C_LANGUAGE_STANDARD = gnu11;
				GCC_NO_COMMON_BLOCKS = YES;
				GCC_WARN_64_TO_32_BIT_CONVERSION = YES;
				GCC_WARN_ABOUT_RETURN_TYPE = YES_ERROR;
				GCC_WARN_UNDECLARED_SELECTOR = YES;
				GCC_WARN_UNINITIALIZED_AUTOS = YES_AGGRESSIVE;
				GCC_WARN_UNUSED_FUNCTION = YES;
				GCC_WARN_UNUSED_VARIABLE = YES;
				IPHONEOS_DEPLOYMENT_TARGET = 16.4;
				MTL_ENABLE_DEBUG_INFO = NO;
				MTL_FAST_MATH = YES;
				SDKROOT = iphoneos;
				SWIFT_COMPILATION_MODE = wholemodule;
				SWIFT_OPTIMIZATION_LEVEL = "-O";
				VALIDATE_PRODUCT = YES;
			};
			name = Release;
		};
		87A188A92BEE437100711132 /* Debug */ = {
			isa = XCBuildConfiguration;
			buildSettings = {
				ASSETCATALOG_COMPILER_APPICON_NAME = AppIcon;
				ASSETCATALOG_COMPILER_GLOBAL_ACCENT_COLOR_NAME = AccentColor;
				CODE_SIGN_STYLE = Automatic;
				CURRENT_PROJECT_VERSION = 1;
				DEVELOPMENT_TEAM = N2YQG934FX;
				GENERATE_INFOPLIST_FILE = YES;
				INFOPLIST_FILE = "iOS-week4/Info.plist";
				INFOPLIST_KEY_UIApplicationSupportsIndirectInputEvents = YES;
				INFOPLIST_KEY_UILaunchStoryboardName = LaunchScreen;
				INFOPLIST_KEY_UIMainStoryboardFile = Main;
				INFOPLIST_KEY_UISupportedInterfaceOrientations_iPad = "UIInterfaceOrientationPortrait UIInterfaceOrientationPortraitUpsideDown UIInterfaceOrientationLandscapeLeft UIInterfaceOrientationLandscapeRight";
				INFOPLIST_KEY_UISupportedInterfaceOrientations_iPhone = "UIInterfaceOrientationPortrait UIInterfaceOrientationLandscapeLeft UIInterfaceOrientationLandscapeRight";
				LD_RUNPATH_SEARCH_PATHS = (
					"$(inherited)",
					"@executable_path/Frameworks",
				);
				MARKETING_VERSION = 1.0;
				PRODUCT_BUNDLE_IDENTIFIER = "com.sopt.iOS-week4";
				PRODUCT_NAME = "$(TARGET_NAME)";
				SWIFT_EMIT_LOC_STRINGS = YES;
				SWIFT_VERSION = 5.0;
				TARGETED_DEVICE_FAMILY = "1,2";
			};
			name = Debug;
		};
		87A188AA2BEE437100711132 /* Release */ = {
			isa = XCBuildConfiguration;
			buildSettings = {
				ASSETCATALOG_COMPILER_APPICON_NAME = AppIcon;
				ASSETCATALOG_COMPILER_GLOBAL_ACCENT_COLOR_NAME = AccentColor;
				CODE_SIGN_STYLE = Automatic;
				CURRENT_PROJECT_VERSION = 1;
				DEVELOPMENT_TEAM = N2YQG934FX;
				GENERATE_INFOPLIST_FILE = YES;
				INFOPLIST_FILE = "iOS-week4/Info.plist";
				INFOPLIST_KEY_UIApplicationSupportsIndirectInputEvents = YES;
				INFOPLIST_KEY_UILaunchStoryboardName = LaunchScreen;
				INFOPLIST_KEY_UIMainStoryboardFile = Main;
				INFOPLIST_KEY_UISupportedInterfaceOrientations_iPad = "UIInterfaceOrientationPortrait UIInterfaceOrientationPortraitUpsideDown UIInterfaceOrientationLandscapeLeft UIInterfaceOrientationLandscapeRight";
				INFOPLIST_KEY_UISupportedInterfaceOrientations_iPhone = "UIInterfaceOrientationPortrait UIInterfaceOrientationLandscapeLeft UIInterfaceOrientationLandscapeRight";
				LD_RUNPATH_SEARCH_PATHS = (
					"$(inherited)",
					"@executable_path/Frameworks",
				);
				MARKETING_VERSION = 1.0;
				PRODUCT_BUNDLE_IDENTIFIER = "com.sopt.iOS-week4";
				PRODUCT_NAME = "$(TARGET_NAME)";
				SWIFT_EMIT_LOC_STRINGS = YES;
				SWIFT_VERSION = 5.0;
				TARGETED_DEVICE_FAMILY = "1,2";
			};
			name = Release;
		};
		87A188AC2BEE437100711132 /* Debug */ = {
			isa = XCBuildConfiguration;
			buildSettings = {
				ALWAYS_EMBED_SWIFT_STANDARD_LIBRARIES = YES;
				BUNDLE_LOADER = "$(TEST_HOST)";
				CODE_SIGN_STYLE = Automatic;
				CURRENT_PROJECT_VERSION = 1;
				DEVELOPMENT_TEAM = N2YQG934FX;
				GENERATE_INFOPLIST_FILE = YES;
				IPHONEOS_DEPLOYMENT_TARGET = 16.4;
				MARKETING_VERSION = 1.0;
				PRODUCT_BUNDLE_IDENTIFIER = "com.sopt.iOS-week4Tests";
				PRODUCT_NAME = "$(TARGET_NAME)";
				SWIFT_EMIT_LOC_STRINGS = NO;
				SWIFT_VERSION = 5.0;
				TARGETED_DEVICE_FAMILY = "1,2";
				TEST_HOST = "$(BUILT_PRODUCTS_DIR)/iOS-week4.app/$(BUNDLE_EXECUTABLE_FOLDER_PATH)/iOS-week4";
			};
			name = Debug;
		};
		87A188AD2BEE437100711132 /* Release */ = {
			isa = XCBuildConfiguration;
			buildSettings = {
				ALWAYS_EMBED_SWIFT_STANDARD_LIBRARIES = YES;
				BUNDLE_LOADER = "$(TEST_HOST)";
				CODE_SIGN_STYLE = Automatic;
				CURRENT_PROJECT_VERSION = 1;
				DEVELOPMENT_TEAM = N2YQG934FX;
				GENERATE_INFOPLIST_FILE = YES;
				IPHONEOS_DEPLOYMENT_TARGET = 16.4;
				MARKETING_VERSION = 1.0;
				PRODUCT_BUNDLE_IDENTIFIER = "com.sopt.iOS-week4Tests";
				PRODUCT_NAME = "$(TARGET_NAME)";
				SWIFT_EMIT_LOC_STRINGS = NO;
				SWIFT_VERSION = 5.0;
				TARGETED_DEVICE_FAMILY = "1,2";
				TEST_HOST = "$(BUILT_PRODUCTS_DIR)/iOS-week4.app/$(BUNDLE_EXECUTABLE_FOLDER_PATH)/iOS-week4";
			};
			name = Release;
		};
		87A188AF2BEE437100711132 /* Debug */ = {
			isa = XCBuildConfiguration;
			buildSettings = {
				ALWAYS_EMBED_SWIFT_STANDARD_LIBRARIES = YES;
				CODE_SIGN_STYLE = Automatic;
				CURRENT_PROJECT_VERSION = 1;
				DEVELOPMENT_TEAM = N2YQG934FX;
				GENERATE_INFOPLIST_FILE = YES;
				MARKETING_VERSION = 1.0;
				PRODUCT_BUNDLE_IDENTIFIER = "com.sopt.iOS-week4UITests";
				PRODUCT_NAME = "$(TARGET_NAME)";
				SWIFT_EMIT_LOC_STRINGS = NO;
				SWIFT_VERSION = 5.0;
				TARGETED_DEVICE_FAMILY = "1,2";
				TEST_TARGET_NAME = "iOS-week4";
			};
			name = Debug;
		};
		87A188B02BEE437100711132 /* Release */ = {
			isa = XCBuildConfiguration;
			buildSettings = {
				ALWAYS_EMBED_SWIFT_STANDARD_LIBRARIES = YES;
				CODE_SIGN_STYLE = Automatic;
				CURRENT_PROJECT_VERSION = 1;
				DEVELOPMENT_TEAM = N2YQG934FX;
				GENERATE_INFOPLIST_FILE = YES;
				MARKETING_VERSION = 1.0;
				PRODUCT_BUNDLE_IDENTIFIER = "com.sopt.iOS-week4UITests";
				PRODUCT_NAME = "$(TARGET_NAME)";
				SWIFT_EMIT_LOC_STRINGS = NO;
				SWIFT_VERSION = 5.0;
				TARGETED_DEVICE_FAMILY = "1,2";
				TEST_TARGET_NAME = "iOS-week4";
			};
			name = Release;
		};
/* End XCBuildConfiguration section */

/* Begin XCConfigurationList section */
		87A188792BEE437000711132 /* Build configuration list for PBXProject "iOS-week4" */ = {
			isa = XCConfigurationList;
			buildConfigurations = (
				87A188A62BEE437100711132 /* Debug */,
				87A188A72BEE437100711132 /* Release */,
			);
			defaultConfigurationIsVisible = 0;
			defaultConfigurationName = Release;
		};
		87A188A82BEE437100711132 /* Build configuration list for PBXNativeTarget "iOS-week4" */ = {
			isa = XCConfigurationList;
			buildConfigurations = (
				87A188A92BEE437100711132 /* Debug */,
				87A188AA2BEE437100711132 /* Release */,
			);
			defaultConfigurationIsVisible = 0;
			defaultConfigurationName = Release;
		};
		87A188AB2BEE437100711132 /* Build configuration list for PBXNativeTarget "iOS-week4Tests" */ = {
			isa = XCConfigurationList;
			buildConfigurations = (
				87A188AC2BEE437100711132 /* Debug */,
				87A188AD2BEE437100711132 /* Release */,
			);
			defaultConfigurationIsVisible = 0;
			defaultConfigurationName = Release;
		};
		87A188AE2BEE437100711132 /* Build configuration list for PBXNativeTarget "iOS-week4UITests" */ = {
			isa = XCConfigurationList;
			buildConfigurations = (
				87A188AF2BEE437100711132 /* Debug */,
				87A188B02BEE437100711132 /* Release */,
			);
			defaultConfigurationIsVisible = 0;
			defaultConfigurationName = Release;
		};
/* End XCConfigurationList section */

/* Begin XCRemoteSwiftPackageReference section */
		87A188B72BEE442400711132 /* XCRemoteSwiftPackageReference "Moya" */ = {
			isa = XCRemoteSwiftPackageReference;
			repositoryURL = "https://github.com/Moya/Moya";
			requirement = {
				kind = upToNextMajorVersion;
				minimumVersion = 15.0.0;
			};
		};
		87A188BA2BEE444600711132 /* XCRemoteSwiftPackageReference "SnapKit" */ = {
			isa = XCRemoteSwiftPackageReference;
			repositoryURL = "https://github.com/SnapKit/SnapKit.git";
			requirement = {
				kind = upToNextMajorVersion;
				minimumVersion = 5.0.0;
			};
		};
/* End XCRemoteSwiftPackageReference section */

/* Begin XCSwiftPackageProductDependency section */
		87A188B82BEE442400711132 /* Moya */ = {
			isa = XCSwiftPackageProductDependency;
			package = 87A188B72BEE442400711132 /* XCRemoteSwiftPackageReference "Moya" */;
			productName = Moya;
		};
		87A188BB2BEE444600711132 /* SnapKit */ = {
			isa = XCSwiftPackageProductDependency;
			package = 87A188BA2BEE444600711132 /* XCRemoteSwiftPackageReference "SnapKit" */;
			productName = SnapKit;
		};
/* End XCSwiftPackageProductDependency section */
	};
	rootObject = 87A188762BEE437000711132 /* Project object */;
}
