// !$*UTF8*$!
{
	archiveVersion = 1;
	classes = {
	};
	objectVersion = 56;
	objects = {

/* Begin PBXBuildFile section */
		87A186A52BD2332400711132 /* AppDelegate.swift in Sources */ = {isa = PBXBuildFile; fileRef = 87A186A42BD2332400711132 /* AppDelegate.swift */; };
		87A186A72BD2332400711132 /* SceneDelegate.swift in Sources */ = {isa = PBXBuildFile; fileRef = 87A186A62BD2332400711132 /* SceneDelegate.swift */; };
		87A186A92BD2332400711132 /* ViewController.swift in Sources */ = {isa = PBXBuildFile; fileRef = 87A186A82BD2332400711132 /* ViewController.swift */; };
		87A186AC2BD2332400711132 /* Main.storyboard in Resources */ = {isa = PBXBuildFile; fileRef = 87A186AA2BD2332400711132 /* Main.storyboard */; };
		87A186AE2BD2332500711132 /* Assets.xcassets in Resources */ = {isa = PBXBuildFile; fileRef = 87A186AD2BD2332500711132 /* Assets.xcassets */; };
		87A186B12BD2332500711132 /* LaunchScreen.storyboard in Resources */ = {isa = PBXBuildFile; fileRef = 87A186AF2BD2332500711132 /* LaunchScreen.storyboard */; };
		87A186BC2BD2332500711132 /* iOS_Week2Tests.swift in Sources */ = {isa = PBXBuildFile; fileRef = 87A186BB2BD2332500711132 /* iOS_Week2Tests.swift */; };
		87A186C62BD2332500711132 /* iOS_Week2UITests.swift in Sources */ = {isa = PBXBuildFile; fileRef = 87A186C52BD2332500711132 /* iOS_Week2UITests.swift */; };
		87A186C82BD2332500711132 /* iOS_Week2UITestsLaunchTests.swift in Sources */ = {isa = PBXBuildFile; fileRef = 87A186C72BD2332500711132 /* iOS_Week2UITestsLaunchTests.swift */; };
		87A186D62BD2333A00711132 /* SnapKit in Frameworks */ = {isa = PBXBuildFile; productRef = 87A186D52BD2333A00711132 /* SnapKit */; };
		87A186D82BD2334E00711132 /* LoginViewController.swift in Sources */ = {isa = PBXBuildFile; fileRef = 87A186D72BD2334E00711132 /* LoginViewController.swift */; };
		87A186DA2BD2335F00711132 /* WelcomeViewController.swift in Sources */ = {isa = PBXBuildFile; fileRef = 87A186D92BD2335F00711132 /* WelcomeViewController.swift */; };
		87A186ED2BD238AE00711132 /* Pretendard-Regular.otf in Resources */ = {isa = PBXBuildFile; fileRef = 87A186E52BD238AE00711132 /* Pretendard-Regular.otf */; };
		87A186EE2BD238AE00711132 /* Pretendard-Black.otf in Resources */ = {isa = PBXBuildFile; fileRef = 87A186E62BD238AE00711132 /* Pretendard-Black.otf */; };
		87A186EF2BD238AE00711132 /* Pretendard-Medium.otf in Resources */ = {isa = PBXBuildFile; fileRef = 87A186E72BD238AE00711132 /* Pretendard-Medium.otf */; };
		87A186F02BD238AE00711132 /* Pretendard-Light.otf in Resources */ = {isa = PBXBuildFile; fileRef = 87A186E82BD238AE00711132 /* Pretendard-Light.otf */; };
		87A186F12BD238AE00711132 /* Pretendard-ExtraBold.otf in Resources */ = {isa = PBXBuildFile; fileRef = 87A186E92BD238AE00711132 /* Pretendard-ExtraBold.otf */; };
		87A186F22BD238AE00711132 /* Pretendard-Bold.otf in Resources */ = {isa = PBXBuildFile; fileRef = 87A186EA2BD238AE00711132 /* Pretendard-Bold.otf */; };
		87A186F32BD238AE00711132 /* Pretendard-ExtraLight.otf in Resources */ = {isa = PBXBuildFile; fileRef = 87A186EB2BD238AE00711132 /* Pretendard-ExtraLight.otf */; };
		87A186F42BD238AE00711132 /* Pretendard-SemiBold.otf in Resources */ = {isa = PBXBuildFile; fileRef = 87A186EC2BD238AE00711132 /* Pretendard-SemiBold.otf */; };
/* End PBXBuildFile section */

/* Begin PBXContainerItemProxy section */
		87A186B82BD2332500711132 /* PBXContainerItemProxy */ = {
			isa = PBXContainerItemProxy;
			containerPortal = 87A186992BD2332400711132 /* Project object */;
			proxyType = 1;
			remoteGlobalIDString = 87A186A02BD2332400711132;
			remoteInfo = "iOS-Week2";
		};
		87A186C22BD2332500711132 /* PBXContainerItemProxy */ = {
			isa = PBXContainerItemProxy;
			containerPortal = 87A186992BD2332400711132 /* Project object */;
			proxyType = 1;
			remoteGlobalIDString = 87A186A02BD2332400711132;
			remoteInfo = "iOS-Week2";
		};
/* End PBXContainerItemProxy section */

/* Begin PBXFileReference section */
		87A186A12BD2332400711132 /* iOS-Week2.app */ = {isa = PBXFileReference; explicitFileType = wrapper.application; includeInIndex = 0; path = "iOS-Week2.app"; sourceTree = BUILT_PRODUCTS_DIR; };
		87A186A42BD2332400711132 /* AppDelegate.swift */ = {isa = PBXFileReference; lastKnownFileType = sourcecode.swift; path = AppDelegate.swift; sourceTree = "<group>"; };
		87A186A62BD2332400711132 /* SceneDelegate.swift */ = {isa = PBXFileReference; lastKnownFileType = sourcecode.swift; path = SceneDelegate.swift; sourceTree = "<group>"; };
		87A186A82BD2332400711132 /* ViewController.swift */ = {isa = PBXFileReference; lastKnownFileType = sourcecode.swift; path = ViewController.swift; sourceTree = "<group>"; };
		87A186AB2BD2332400711132 /* Base */ = {isa = PBXFileReference; lastKnownFileType = file.storyboard; name = Base; path = Base.lproj/Main.storyboard; sourceTree = "<group>"; };
		87A186AD2BD2332500711132 /* Assets.xcassets */ = {isa = PBXFileReference; lastKnownFileType = folder.assetcatalog; path = Assets.xcassets; sourceTree = "<group>"; };
		87A186B02BD2332500711132 /* Base */ = {isa = PBXFileReference; lastKnownFileType = file.storyboard; name = Base; path = Base.lproj/LaunchScreen.storyboard; sourceTree = "<group>"; };
		87A186B22BD2332500711132 /* Info.plist */ = {isa = PBXFileReference; lastKnownFileType = text.plist.xml; path = Info.plist; sourceTree = "<group>"; };
		87A186B72BD2332500711132 /* iOS-Week2Tests.xctest */ = {isa = PBXFileReference; explicitFileType = wrapper.cfbundle; includeInIndex = 0; path = "iOS-Week2Tests.xctest"; sourceTree = BUILT_PRODUCTS_DIR; };
		87A186BB2BD2332500711132 /* iOS_Week2Tests.swift */ = {isa = PBXFileReference; lastKnownFileType = sourcecode.swift; path = iOS_Week2Tests.swift; sourceTree = "<group>"; };
		87A186C12BD2332500711132 /* iOS-Week2UITests.xctest */ = {isa = PBXFileReference; explicitFileType = wrapper.cfbundle; includeInIndex = 0; path = "iOS-Week2UITests.xctest"; sourceTree = BUILT_PRODUCTS_DIR; };
		87A186C52BD2332500711132 /* iOS_Week2UITests.swift */ = {isa = PBXFileReference; lastKnownFileType = sourcecode.swift; path = iOS_Week2UITests.swift; sourceTree = "<group>"; };
		87A186C72BD2332500711132 /* iOS_Week2UITestsLaunchTests.swift */ = {isa = PBXFileReference; lastKnownFileType = sourcecode.swift; path = iOS_Week2UITestsLaunchTests.swift; sourceTree = "<group>"; };
		87A186D72BD2334E00711132 /* LoginViewController.swift */ = {isa = PBXFileReference; lastKnownFileType = sourcecode.swift; path = LoginViewController.swift; sourceTree = "<group>"; };
		87A186D92BD2335F00711132 /* WelcomeViewController.swift */ = {isa = PBXFileReference; lastKnownFileType = sourcecode.swift; path = WelcomeViewController.swift; sourceTree = "<group>"; };
		87A186E52BD238AE00711132 /* Pretendard-Regular.otf */ = {isa = PBXFileReference; lastKnownFileType = file; path = "Pretendard-Regular.otf"; sourceTree = "<group>"; };
		87A186E62BD238AE00711132 /* Pretendard-Black.otf */ = {isa = PBXFileReference; lastKnownFileType = file; path = "Pretendard-Black.otf"; sourceTree = "<group>"; };
		87A186E72BD238AE00711132 /* Pretendard-Medium.otf */ = {isa = PBXFileReference; lastKnownFileType = file; path = "Pretendard-Medium.otf"; sourceTree = "<group>"; };
		87A186E82BD238AE00711132 /* Pretendard-Light.otf */ = {isa = PBXFileReference; lastKnownFileType = file; path = "Pretendard-Light.otf"; sourceTree = "<group>"; };
		87A186E92BD238AE00711132 /* Pretendard-ExtraBold.otf */ = {isa = PBXFileReference; lastKnownFileType = file; path = "Pretendard-ExtraBold.otf"; sourceTree = "<group>"; };
		87A186EA2BD238AE00711132 /* Pretendard-Bold.otf */ = {isa = PBXFileReference; lastKnownFileType = file; path = "Pretendard-Bold.otf"; sourceTree = "<group>"; };
		87A186EB2BD238AE00711132 /* Pretendard-ExtraLight.otf */ = {isa = PBXFileReference; lastKnownFileType = file; path = "Pretendard-ExtraLight.otf"; sourceTree = "<group>"; };
		87A186EC2BD238AE00711132 /* Pretendard-SemiBold.otf */ = {isa = PBXFileReference; lastKnownFileType = file; path = "Pretendard-SemiBold.otf"; sourceTree = "<group>"; };
/* End PBXFileReference section */

/* Begin PBXFrameworksBuildPhase section */
		87A1869E2BD2332400711132 /* Frameworks */ = {
			isa = PBXFrameworksBuildPhase;
			buildActionMask = 2147483647;
			files = (
				87A186D62BD2333A00711132 /* SnapKit in Frameworks */,
			);
			runOnlyForDeploymentPostprocessing = 0;
		};
		87A186B42BD2332500711132 /* Frameworks */ = {
			isa = PBXFrameworksBuildPhase;
			buildActionMask = 2147483647;
			files = (
			);
			runOnlyForDeploymentPostprocessing = 0;
		};
		87A186BE2BD2332500711132 /* Frameworks */ = {
			isa = PBXFrameworksBuildPhase;
			buildActionMask = 2147483647;
			files = (
			);
			runOnlyForDeploymentPostprocessing = 0;
		};
/* End PBXFrameworksBuildPhase section */

/* Begin PBXGroup section */
		87A186982BD2332400711132 = {
			isa = PBXGroup;
			children = (
				87A186A32BD2332400711132 /* iOS-Week2 */,
				87A186BA2BD2332500711132 /* iOS-Week2Tests */,
				87A186C42BD2332500711132 /* iOS-Week2UITests */,
				87A186A22BD2332400711132 /* Products */,
			);
			sourceTree = "<group>";
		};
		87A186A22BD2332400711132 /* Products */ = {
			isa = PBXGroup;
			children = (
				87A186A12BD2332400711132 /* iOS-Week2.app */,
				87A186B72BD2332500711132 /* iOS-Week2Tests.xctest */,
				87A186C12BD2332500711132 /* iOS-Week2UITests.xctest */,
			);
			name = Products;
			sourceTree = "<group>";
		};
		87A186A32BD2332400711132 /* iOS-Week2 */ = {
			isa = PBXGroup;
			children = (
				87A186A42BD2332400711132 /* AppDelegate.swift */,
				87A186A62BD2332400711132 /* SceneDelegate.swift */,
				87A186A82BD2332400711132 /* ViewController.swift */,
				87A186AA2BD2332400711132 /* Main.storyboard */,
				87A186AD2BD2332500711132 /* Assets.xcassets */,
				87A186E42BD238AE00711132 /* Fonts */,
				87A186AF2BD2332500711132 /* LaunchScreen.storyboard */,
				87A186B22BD2332500711132 /* Info.plist */,
				87A186D72BD2334E00711132 /* LoginViewController.swift */,
				87A186D92BD2335F00711132 /* WelcomeViewController.swift */,
			);
			path = "iOS-Week2";
			sourceTree = "<group>";
		};
		87A186BA2BD2332500711132 /* iOS-Week2Tests */ = {
			isa = PBXGroup;
			children = (
				87A186BB2BD2332500711132 /* iOS_Week2Tests.swift */,
			);
			path = "iOS-Week2Tests";
			sourceTree = "<group>";
		};
		87A186C42BD2332500711132 /* iOS-Week2UITests */ = {
			isa = PBXGroup;
			children = (
				87A186C52BD2332500711132 /* iOS_Week2UITests.swift */,
				87A186C72BD2332500711132 /* iOS_Week2UITestsLaunchTests.swift */,
			);
			path = "iOS-Week2UITests";
			sourceTree = "<group>";
		};
		87A186E42BD238AE00711132 /* Fonts */ = {
			isa = PBXGroup;
			children = (
				87A186E52BD238AE00711132 /* Pretendard-Regular.otf */,
				87A186E62BD238AE00711132 /* Pretendard-Black.otf */,
				87A186E72BD238AE00711132 /* Pretendard-Medium.otf */,
				87A186E82BD238AE00711132 /* Pretendard-Light.otf */,
				87A186E92BD238AE00711132 /* Pretendard-ExtraBold.otf */,
				87A186EA2BD238AE00711132 /* Pretendard-Bold.otf */,
				87A186EB2BD238AE00711132 /* Pretendard-ExtraLight.otf */,
				87A186EC2BD238AE00711132 /* Pretendard-SemiBold.otf */,
			);
			path = Fonts;
			sourceTree = "<group>";
		};
/* End PBXGroup section */

/* Begin PBXNativeTarget section */
		87A186A02BD2332400711132 /* iOS-Week2 */ = {
			isa = PBXNativeTarget;
			buildConfigurationList = 87A186CB2BD2332500711132 /* Build configuration list for PBXNativeTarget "iOS-Week2" */;
			buildPhases = (
				87A1869D2BD2332400711132 /* Sources */,
				87A1869E2BD2332400711132 /* Frameworks */,
				87A1869F2BD2332400711132 /* Resources */,
			);
			buildRules = (
			);
			dependencies = (
			);
			name = "iOS-Week2";
			packageProductDependencies = (
				87A186D52BD2333A00711132 /* SnapKit */,
			);
			productName = "iOS-Week2";
			productReference = 87A186A12BD2332400711132 /* iOS-Week2.app */;
			productType = "com.apple.product-type.application";
		};
		87A186B62BD2332500711132 /* iOS-Week2Tests */ = {
			isa = PBXNativeTarget;
			buildConfigurationList = 87A186CE2BD2332500711132 /* Build configuration list for PBXNativeTarget "iOS-Week2Tests" */;
			buildPhases = (
				87A186B32BD2332500711132 /* Sources */,
				87A186B42BD2332500711132 /* Frameworks */,
				87A186B52BD2332500711132 /* Resources */,
			);
			buildRules = (
			);
			dependencies = (
				87A186B92BD2332500711132 /* PBXTargetDependency */,
			);
			name = "iOS-Week2Tests";
			productName = "iOS-Week2Tests";
			productReference = 87A186B72BD2332500711132 /* iOS-Week2Tests.xctest */;
			productType = "com.apple.product-type.bundle.unit-test";
		};
		87A186C02BD2332500711132 /* iOS-Week2UITests */ = {
			isa = PBXNativeTarget;
			buildConfigurationList = 87A186D12BD2332500711132 /* Build configuration list for PBXNativeTarget "iOS-Week2UITests" */;
			buildPhases = (
				87A186BD2BD2332500711132 /* Sources */,
				87A186BE2BD2332500711132 /* Frameworks */,
				87A186BF2BD2332500711132 /* Resources */,
			);
			buildRules = (
			);
			dependencies = (
				87A186C32BD2332500711132 /* PBXTargetDependency */,
			);
			name = "iOS-Week2UITests";
			productName = "iOS-Week2UITests";
			productReference = 87A186C12BD2332500711132 /* iOS-Week2UITests.xctest */;
			productType = "com.apple.product-type.bundle.ui-testing";
		};
/* End PBXNativeTarget section */

/* Begin PBXProject section */
		87A186992BD2332400711132 /* Project object */ = {
			isa = PBXProject;
			attributes = {
				BuildIndependentTargetsInParallel = 1;
				LastSwiftUpdateCheck = 1430;
				LastUpgradeCheck = 1430;
				TargetAttributes = {
					87A186A02BD2332400711132 = {
						CreatedOnToolsVersion = 14.3.1;
					};
					87A186B62BD2332500711132 = {
						CreatedOnToolsVersion = 14.3.1;
						TestTargetID = 87A186A02BD2332400711132;
					};
					87A186C02BD2332500711132 = {
						CreatedOnToolsVersion = 14.3.1;
						TestTargetID = 87A186A02BD2332400711132;
					};
				};
			};
			buildConfigurationList = 87A1869C2BD2332400711132 /* Build configuration list for PBXProject "iOS-Week2" */;
			compatibilityVersion = "Xcode 14.0";
			developmentRegion = en;
			hasScannedForEncodings = 0;
			knownRegions = (
				en,
				Base,
			);
			mainGroup = 87A186982BD2332400711132;
			packageReferences = (
				87A186D42BD2333A00711132 /* XCRemoteSwiftPackageReference "SnapKit" */,
			);
			productRefGroup = 87A186A22BD2332400711132 /* Products */;
			projectDirPath = "";
			projectRoot = "";
			targets = (
				87A186A02BD2332400711132 /* iOS-Week2 */,
				87A186B62BD2332500711132 /* iOS-Week2Tests */,
				87A186C02BD2332500711132 /* iOS-Week2UITests */,
			);
		};
/* End PBXProject section */

/* Begin PBXResourcesBuildPhase section */
		87A1869F2BD2332400711132 /* Resources */ = {
			isa = PBXResourcesBuildPhase;
			buildActionMask = 2147483647;
			files = (
				87A186F42BD238AE00711132 /* Pretendard-SemiBold.otf in Resources */,
				87A186B12BD2332500711132 /* LaunchScreen.storyboard in Resources */,
				87A186ED2BD238AE00711132 /* Pretendard-Regular.otf in Resources */,
				87A186F32BD238AE00711132 /* Pretendard-ExtraLight.otf in Resources */,
				87A186F12BD238AE00711132 /* Pretendard-ExtraBold.otf in Resources */,
				87A186AE2BD2332500711132 /* Assets.xcassets in Resources */,
				87A186AC2BD2332400711132 /* Main.storyboard in Resources */,
				87A186F02BD238AE00711132 /* Pretendard-Light.otf in Resources */,
				87A186EE2BD238AE00711132 /* Pretendard-Black.otf in Resources */,
				87A186F22BD238AE00711132 /* Pretendard-Bold.otf in Resources */,
				87A186EF2BD238AE00711132 /* Pretendard-Medium.otf in Resources */,
			);
			runOnlyForDeploymentPostprocessing = 0;
		};
		87A186B52BD2332500711132 /* Resources */ = {
			isa = PBXResourcesBuildPhase;
			buildActionMask = 2147483647;
			files = (
			);
			runOnlyForDeploymentPostprocessing = 0;
		};
		87A186BF2BD2332500711132 /* Resources */ = {
			isa = PBXResourcesBuildPhase;
			buildActionMask = 2147483647;
			files = (
			);
			runOnlyForDeploymentPostprocessing = 0;
		};
/* End PBXResourcesBuildPhase section */

/* Begin PBXSourcesBuildPhase section */
		87A1869D2BD2332400711132 /* Sources */ = {
			isa = PBXSourcesBuildPhase;
			buildActionMask = 2147483647;
			files = (
				87A186D82BD2334E00711132 /* LoginViewController.swift in Sources */,
				87A186DA2BD2335F00711132 /* WelcomeViewController.swift in Sources */,
				87A186A92BD2332400711132 /* ViewController.swift in Sources */,
				87A186A52BD2332400711132 /* AppDelegate.swift in Sources */,
				87A186A72BD2332400711132 /* SceneDelegate.swift in Sources */,
			);
			runOnlyForDeploymentPostprocessing = 0;
		};
		87A186B32BD2332500711132 /* Sources */ = {
			isa = PBXSourcesBuildPhase;
			buildActionMask = 2147483647;
			files = (
				87A186BC2BD2332500711132 /* iOS_Week2Tests.swift in Sources */,
			);
			runOnlyForDeploymentPostprocessing = 0;
		};
		87A186BD2BD2332500711132 /* Sources */ = {
			isa = PBXSourcesBuildPhase;
			buildActionMask = 2147483647;
			files = (
				87A186C62BD2332500711132 /* iOS_Week2UITests.swift in Sources */,
				87A186C82BD2332500711132 /* iOS_Week2UITestsLaunchTests.swift in Sources */,
			);
			runOnlyForDeploymentPostprocessing = 0;
		};
/* End PBXSourcesBuildPhase section */

/* Begin PBXTargetDependency section */
		87A186B92BD2332500711132 /* PBXTargetDependency */ = {
			isa = PBXTargetDependency;
			target = 87A186A02BD2332400711132 /* iOS-Week2 */;
			targetProxy = 87A186B82BD2332500711132 /* PBXContainerItemProxy */;
		};
		87A186C32BD2332500711132 /* PBXTargetDependency */ = {
			isa = PBXTargetDependency;
			target = 87A186A02BD2332400711132 /* iOS-Week2 */;
			targetProxy = 87A186C22BD2332500711132 /* PBXContainerItemProxy */;
		};
/* End PBXTargetDependency section */

/* Begin PBXVariantGroup section */
		87A186AA2BD2332400711132 /* Main.storyboard */ = {
			isa = PBXVariantGroup;
			children = (
				87A186AB2BD2332400711132 /* Base */,
			);
			name = Main.storyboard;
			sourceTree = "<group>";
		};
		87A186AF2BD2332500711132 /* LaunchScreen.storyboard */ = {
			isa = PBXVariantGroup;
			children = (
				87A186B02BD2332500711132 /* Base */,
			);
			name = LaunchScreen.storyboard;
			sourceTree = "<group>";
		};
/* End PBXVariantGroup section */

/* Begin XCBuildConfiguration section */
		87A186C92BD2332500711132 /* Debug */ = {
			isa = XCBuildConfiguration;
			buildSettings = {
				ALWAYS_SEARCH_USER_PATHS = NO;
				CLANG_ANALYZER_NONNULL = YES;
				CLANG_ANALYZER_NUMBER_OBJECT_CONVERSION = YES_AGGRESSIVE;
				CLANG_CXX_LANGUAGE_STANDARD = "gnu++20";
				CLANG_ENABLE_MODULES = YES;
				CLANG_ENABLE_OBJC_ARC = YES;
				CLANG_ENABLE_OBJC_WEAK = YES;
				CLANG_WARN_BLOCK_CAPTURE_AUTORELEASING = YES;
				CLANG_WARN_BOOL_CONVERSION = YES;
				CLANG_WARN_COMMA = YES;
				CLANG_WARN_CONSTANT_CONVERSION = YES;
				CLANG_WARN_DEPRECATED_OBJC_IMPLEMENTATIONS = YES;
				CLANG_WARN_DIRECT_OBJC_ISA_USAGE = YES_ERROR;
				CLANG_WARN_DOCUMENTATION_COMMENTS = YES;
				CLANG_WARN_EMPTY_BODY = YES;
				CLANG_WARN_ENUM_CONVERSION = YES;
				CLANG_WARN_INFINITE_RECURSION = YES;
				CLANG_WARN_INT_CONVERSION = YES;
				CLANG_WARN_NON_LITERAL_NULL_CONVERSION = YES;
				CLANG_WARN_OBJC_IMPLICIT_RETAIN_SELF = YES;
				CLANG_WARN_OBJC_LITERAL_CONVERSION = YES;
				CLANG_WARN_OBJC_ROOT_CLASS = YES_ERROR;
				CLANG_WARN_QUOTED_INCLUDE_IN_FRAMEWORK_HEADER = YES;
				CLANG_WARN_RANGE_LOOP_ANALYSIS = YES;
				CLANG_WARN_STRICT_PROTOTYPES = YES;
				CLANG_WARN_SUSPICIOUS_MOVE = YES;
				CLANG_WARN_UNGUARDED_AVAILABILITY = YES_AGGRESSIVE;
				CLANG_WARN_UNREACHABLE_CODE = YES;
				CLANG_WARN__DUPLICATE_METHOD_MATCH = YES;
				COPY_PHASE_STRIP = NO;
				DEBUG_INFORMATION_FORMAT = dwarf;
				ENABLE_STRICT_OBJC_MSGSEND = YES;
				ENABLE_TESTABILITY = YES;
				GCC_C_LANGUAGE_STANDARD = gnu11;
				GCC_DYNAMIC_NO_PIC = NO;
				GCC_NO_COMMON_BLOCKS = YES;
				GCC_OPTIMIZATION_LEVEL = 0;
				GCC_PREPROCESSOR_DEFINITIONS = (
					"DEBUG=1",
					"$(inherited)",
				);
				GCC_WARN_64_TO_32_BIT_CONVERSION = YES;
				GCC_WARN_ABOUT_RETURN_TYPE = YES_ERROR;
				GCC_WARN_UNDECLARED_SELECTOR = YES;
				GCC_WARN_UNINITIALIZED_AUTOS = YES_AGGRESSIVE;
				GCC_WARN_UNUSED_FUNCTION = YES;
				GCC_WARN_UNUSED_VARIABLE = YES;
				IPHONEOS_DEPLOYMENT_TARGET = 16.4;
				MTL_ENABLE_DEBUG_INFO = INCLUDE_SOURCE;
				MTL_FAST_MATH = YES;
				ONLY_ACTIVE_ARCH = YES;
				SDKROOT = iphoneos;
				SWIFT_ACTIVE_COMPILATION_CONDITIONS = DEBUG;
				SWIFT_OPTIMIZATION_LEVEL = "-Onone";
			};
			name = Debug;
		};
		87A186CA2BD2332500711132 /* Release */ = {
			isa = XCBuildConfiguration;
			buildSettings = {
				ALWAYS_SEARCH_USER_PATHS = NO;
				CLANG_ANALYZER_NONNULL = YES;
				CLANG_ANALYZER_NUMBER_OBJECT_CONVERSION = YES_AGGRESSIVE;
				CLANG_CXX_LANGUAGE_STANDARD = "gnu++20";
				CLANG_ENABLE_MODULES = YES;
				CLANG_ENABLE_OBJC_ARC = YES;
				CLANG_ENABLE_OBJC_WEAK = YES;
				CLANG_WARN_BLOCK_CAPTURE_AUTORELEASING = YES;
				CLANG_WARN_BOOL_CONVERSION = YES;
				CLANG_WARN_COMMA = YES;
				CLANG_WARN_CONSTANT_CONVERSION = YES;
				CLANG_WARN_DEPRECATED_OBJC_IMPLEMENTATIONS = YES;
				CLANG_WARN_DIRECT_OBJC_ISA_USAGE = YES_ERROR;
				CLANG_WARN_DOCUMENTATION_COMMENTS = YES;
				CLANG_WARN_EMPTY_BODY = YES;
				CLANG_WARN_ENUM_CONVERSION = YES;
				CLANG_WARN_INFINITE_RECURSION = YES;
				CLANG_WARN_INT_CONVERSION = YES;
				CLANG_WARN_NON_LITERAL_NULL_CONVERSION = YES;
				CLANG_WARN_OBJC_IMPLICIT_RETAIN_SELF = YES;
				CLANG_WARN_OBJC_LITERAL_CONVERSION = YES;
				CLANG_WARN_OBJC_ROOT_CLASS = YES_ERROR;
				CLANG_WARN_QUOTED_INCLUDE_IN_FRAMEWORK_HEADER = YES;
				CLANG_WARN_RANGE_LOOP_ANALYSIS = YES;
				CLANG_WARN_STRICT_PROTOTYPES = YES;
				CLANG_WARN_SUSPICIOUS_MOVE = YES;
				CLANG_WARN_UNGUARDED_AVAILABILITY = YES_AGGRESSIVE;
				CLANG_WARN_UNREACHABLE_CODE = YES;
				CLANG_WARN__DUPLICATE_METHOD_MATCH = YES;
				COPY_PHASE_STRIP = NO;
				DEBUG_INFORMATION_FORMAT = "dwarf-with-dsym";
				ENABLE_NS_ASSERTIONS = NO;
				ENABLE_STRICT_OBJC_MSGSEND = YES;
				GCC_C_LANGUAGE_STANDARD = gnu11;
				GCC_NO_COMMON_BLOCKS = YES;
				GCC_WARN_64_TO_32_BIT_CONVERSION = YES;
				GCC_WARN_ABOUT_RETURN_TYPE = YES_ERROR;
				GCC_WARN_UNDECLARED_SELECTOR = YES;
				GCC_WARN_UNINITIALIZED_AUTOS = YES_AGGRESSIVE;
				GCC_WARN_UNUSED_FUNCTION = YES;
				GCC_WARN_UNUSED_VARIABLE = YES;
				IPHONEOS_DEPLOYMENT_TARGET = 16.4;
				MTL_ENABLE_DEBUG_INFO = NO;
				MTL_FAST_MATH = YES;
				SDKROOT = iphoneos;
				SWIFT_COMPILATION_MODE = wholemodule;
				SWIFT_OPTIMIZATION_LEVEL = "-O";
				VALIDATE_PRODUCT = YES;
			};
			name = Release;
		};
		87A186CC2BD2332500711132 /* Debug */ = {
			isa = XCBuildConfiguration;
			buildSettings = {
				ASSETCATALOG_COMPILER_APPICON_NAME = AppIcon;
				ASSETCATALOG_COMPILER_GLOBAL_ACCENT_COLOR_NAME = AccentColor;
				CODE_SIGN_STYLE = Automatic;
				CURRENT_PROJECT_VERSION = 1;
				DEVELOPMENT_TEAM = N2YQG934FX;
				GENERATE_INFOPLIST_FILE = YES;
				INFOPLIST_FILE = "iOS-Week2/Info.plist";
				INFOPLIST_KEY_UIApplicationSupportsIndirectInputEvents = YES;
				INFOPLIST_KEY_UILaunchStoryboardName = LaunchScreen;
				INFOPLIST_KEY_UIMainStoryboardFile = Main;
				INFOPLIST_KEY_UISupportedInterfaceOrientations_iPad = "UIInterfaceOrientationPortrait UIInterfaceOrientationPortraitUpsideDown UIInterfaceOrientationLandscapeLeft UIInterfaceOrientationLandscapeRight";
				INFOPLIST_KEY_UISupportedInterfaceOrientations_iPhone = "UIInterfaceOrientationPortrait UIInterfaceOrientationLandscapeLeft UIInterfaceOrientationLandscapeRight";
				LD_RUNPATH_SEARCH_PATHS = (
					"$(inherited)",
					"@executable_path/Frameworks",
				);
				MARKETING_VERSION = 1.0;
				PRODUCT_BUNDLE_IDENTIFIER = "com.sopt.iOS-Week2";
				PRODUCT_NAME = "$(TARGET_NAME)";
				SWIFT_EMIT_LOC_STRINGS = YES;
				SWIFT_VERSION = 5.0;
				TARGETED_DEVICE_FAMILY = "1,2";
			};
			name = Debug;
		};
		87A186CD2BD2332500711132 /* Release */ = {
			isa = XCBuildConfiguration;
			buildSettings = {
				ASSETCATALOG_COMPILER_APPICON_NAME = AppIcon;
				ASSETCATALOG_COMPILER_GLOBAL_ACCENT_COLOR_NAME = AccentColor;
				CODE_SIGN_STYLE = Automatic;
				CURRENT_PROJECT_VERSION = 1;
				DEVELOPMENT_TEAM = N2YQG934FX;
				GENERATE_INFOPLIST_FILE = YES;
				INFOPLIST_FILE = "iOS-Week2/Info.plist";
				INFOPLIST_KEY_UIApplicationSupportsIndirectInputEvents = YES;
				INFOPLIST_KEY_UILaunchStoryboardName = LaunchScreen;
				INFOPLIST_KEY_UIMainStoryboardFile = Main;
				INFOPLIST_KEY_UISupportedInterfaceOrientations_iPad = "UIInterfaceOrientationPortrait UIInterfaceOrientationPortraitUpsideDown UIInterfaceOrientationLandscapeLeft UIInterfaceOrientationLandscapeRight";
				INFOPLIST_KEY_UISupportedInterfaceOrientations_iPhone = "UIInterfaceOrientationPortrait UIInterfaceOrientationLandscapeLeft UIInterfaceOrientationLandscapeRight";
				LD_RUNPATH_SEARCH_PATHS = (
					"$(inherited)",
					"@executable_path/Frameworks",
				);
				MARKETING_VERSION = 1.0;
				PRODUCT_BUNDLE_IDENTIFIER = "com.sopt.iOS-Week2";
				PRODUCT_NAME = "$(TARGET_NAME)";
				SWIFT_EMIT_LOC_STRINGS = YES;
				SWIFT_VERSION = 5.0;
				TARGETED_DEVICE_FAMILY = "1,2";
			};
			name = Release;
		};
		87A186CF2BD2332500711132 /* Debug */ = {
			isa = XCBuildConfiguration;
			buildSettings = {
				ALWAYS_EMBED_SWIFT_STANDARD_LIBRARIES = YES;
				BUNDLE_LOADER = "$(TEST_HOST)";
				CODE_SIGN_STYLE = Automatic;
				CURRENT_PROJECT_VERSION = 1;
				DEVELOPMENT_TEAM = N2YQG934FX;
				GENERATE_INFOPLIST_FILE = YES;
				IPHONEOS_DEPLOYMENT_TARGET = 16.4;
				MARKETING_VERSION = 1.0;
				PRODUCT_BUNDLE_IDENTIFIER = "com.sopt.iOS-Week2Tests";
				PRODUCT_NAME = "$(TARGET_NAME)";
				SWIFT_EMIT_LOC_STRINGS = NO;
				SWIFT_VERSION = 5.0;
				TARGETED_DEVICE_FAMILY = "1,2";
				TEST_HOST = "$(BUILT_PRODUCTS_DIR)/iOS-Week2.app/$(BUNDLE_EXECUTABLE_FOLDER_PATH)/iOS-Week2";
			};
			name = Debug;
		};
		87A186D02BD2332500711132 /* Release */ = {
			isa = XCBuildConfiguration;
			buildSettings = {
				ALWAYS_EMBED_SWIFT_STANDARD_LIBRARIES = YES;
				BUNDLE_LOADER = "$(TEST_HOST)";
				CODE_SIGN_STYLE = Automatic;
				CURRENT_PROJECT_VERSION = 1;
				DEVELOPMENT_TEAM = N2YQG934FX;
				GENERATE_INFOPLIST_FILE = YES;
				IPHONEOS_DEPLOYMENT_TARGET = 16.4;
				MARKETING_VERSION = 1.0;
				PRODUCT_BUNDLE_IDENTIFIER = "com.sopt.iOS-Week2Tests";
				PRODUCT_NAME = "$(TARGET_NAME)";
				SWIFT_EMIT_LOC_STRINGS = NO;
				SWIFT_VERSION = 5.0;
				TARGETED_DEVICE_FAMILY = "1,2";
				TEST_HOST = "$(BUILT_PRODUCTS_DIR)/iOS-Week2.app/$(BUNDLE_EXECUTABLE_FOLDER_PATH)/iOS-Week2";
			};
			name = Release;
		};
		87A186D22BD2332500711132 /* Debug */ = {
			isa = XCBuildConfiguration;
			buildSettings = {
				ALWAYS_EMBED_SWIFT_STANDARD_LIBRARIES = YES;
				CODE_SIGN_STYLE = Automatic;
				CURRENT_PROJECT_VERSION = 1;
				DEVELOPMENT_TEAM = N2YQG934FX;
				GENERATE_INFOPLIST_FILE = YES;
				MARKETING_VERSION = 1.0;
				PRODUCT_BUNDLE_IDENTIFIER = "com.sopt.iOS-Week2UITests";
				PRODUCT_NAME = "$(TARGET_NAME)";
				SWIFT_EMIT_LOC_STRINGS = NO;
				SWIFT_VERSION = 5.0;
				TARGETED_DEVICE_FAMILY = "1,2";
				TEST_TARGET_NAME = "iOS-Week2";
			};
			name = Debug;
		};
		87A186D32BD2332500711132 /* Release */ = {
			isa = XCBuildConfiguration;
			buildSettings = {
				ALWAYS_EMBED_SWIFT_STANDARD_LIBRARIES = YES;
				CODE_SIGN_STYLE = Automatic;
				CURRENT_PROJECT_VERSION = 1;
				DEVELOPMENT_TEAM = N2YQG934FX;
				GENERATE_INFOPLIST_FILE = YES;
				MARKETING_VERSION = 1.0;
				PRODUCT_BUNDLE_IDENTIFIER = "com.sopt.iOS-Week2UITests";
				PRODUCT_NAME = "$(TARGET_NAME)";
				SWIFT_EMIT_LOC_STRINGS = NO;
				SWIFT_VERSION = 5.0;
				TARGETED_DEVICE_FAMILY = "1,2";
				TEST_TARGET_NAME = "iOS-Week2";
			};
			name = Release;
		};
/* End XCBuildConfiguration section */

/* Begin XCConfigurationList section */
		87A1869C2BD2332400711132 /* Build configuration list for PBXProject "iOS-Week2" */ = {
			isa = XCConfigurationList;
			buildConfigurations = (
				87A186C92BD2332500711132 /* Debug */,
				87A186CA2BD2332500711132 /* Release */,
			);
			defaultConfigurationIsVisible = 0;
			defaultConfigurationName = Release;
		};
		87A186CB2BD2332500711132 /* Build configuration list for PBXNativeTarget "iOS-Week2" */ = {
			isa = XCConfigurationList;
			buildConfigurations = (
				87A186CC2BD2332500711132 /* Debug */,
				87A186CD2BD2332500711132 /* Release */,
			);
			defaultConfigurationIsVisible = 0;
			defaultConfigurationName = Release;
		};
		87A186CE2BD2332500711132 /* Build configuration list for PBXNativeTarget "iOS-Week2Tests" */ = {
			isa = XCConfigurationList;
			buildConfigurations = (
				87A186CF2BD2332500711132 /* Debug */,
				87A186D02BD2332500711132 /* Release */,
			);
			defaultConfigurationIsVisible = 0;
			defaultConfigurationName = Release;
		};
		87A186D12BD2332500711132 /* Build configuration list for PBXNativeTarget "iOS-Week2UITests" */ = {
			isa = XCConfigurationList;
			buildConfigurations = (
				87A186D22BD2332500711132 /* Debug */,
				87A186D32BD2332500711132 /* Release */,
			);
			defaultConfigurationIsVisible = 0;
			defaultConfigurationName = Release;
		};
/* End XCConfigurationList section */

/* Begin XCRemoteSwiftPackageReference section */
		87A186D42BD2333A00711132 /* XCRemoteSwiftPackageReference "SnapKit" */ = {
			isa = XCRemoteSwiftPackageReference;
			repositoryURL = "https://github.com/SnapKit/SnapKit.git";
			requirement = {
				kind = upToNextMajorVersion;
				minimumVersion = 5.0.0;
			};
		};
/* End XCRemoteSwiftPackageReference section */

/* Begin XCSwiftPackageProductDependency section */
		87A186D52BD2333A00711132 /* SnapKit */ = {
			isa = XCSwiftPackageProductDependency;
			package = 87A186D42BD2333A00711132 /* XCRemoteSwiftPackageReference "SnapKit" */;
			productName = SnapKit;
		};
/* End XCSwiftPackageProductDependency section */
	};
	rootObject = 87A186992BD2332400711132 /* Project object */;
}
